{
  "requires": true,
  "lockfileVersion": 1,
  "dependencies": {
    "pnpm": {
      "version": "4.6.0",
      "resolved": "https://registry.npmjs.org/pnpm/-/pnpm-4.6.0.tgz",
      "integrity": "sha512-KTRmtPFUrRfSp3pC7nvg6+MD7KmLZFsnUVNmRgO/zOO/AUsTDIZsbwOqdxZULld7RUfZZmHbSHCGvudIX8Ix8w=="
    }
  }
}
